
Microsoft Visual Studio Solution File, Format Version 12.00
# Visual Studio Version 17
VisualStudioVersion = 17.2.32616.157
MinimumVisualStudioVersion = 10.0.40219.1
Project("{9A19103F-16F7-4668-BE54-9A1E7A4F7556}") = "CarsConsulting", "CarsConsulting\CarsConsulting.csproj", "{8315F161-1903-4A88-9160-146FC7B74EE4}"
EndProject
Project("{FAE04EC0-301F-11D3-BF4B-00C04F79EFBC}") = "CarsConsulting.DAL", "CarsConsulting.DAL\CarsConsulting.DAL.csproj", "{CA6A146A-1765-463A-BE15-C4968EAF38C5}"
EndProject
Project("{FAE04EC0-301F-11D3-BF4B-00C04F79EFBC}") = "CarsConsulting.Common", "CarsConsulting.Common\CarsConsulting.Common.csproj", "{FD29C8D0-9B3C-4D46-B4A5-F72B0D17E313}"
EndProject
Global
	GlobalSection(SolutionConfigurationPlatforms) = preSolution
		Debug|Any CPU = Debug|Any CPU
		Release|Any CPU = Release|Any CPU
	EndGlobalSection
	GlobalSection(ProjectConfigurationPlatforms) = postSolution
		{8315F161-1903-4A88-9160-146FC7B74EE4}.Debug|Any CPU.ActiveCfg = Debug|Any CPU
		{8315F161-1903-4A88-9160-146FC7B74EE4}.Debug|Any CPU.Build.0 = Debug|Any CPU
		{8315F161-1903-4A88-9160-146FC7B74EE4}.Release|Any CPU.ActiveCfg = Release|Any CPU
		{8315F161-1903-4A88-9160-146FC7B74EE4}.Release|Any CPU.Build.0 = Release|Any CPU
		{CA6A146A-1765-463A-BE15-C4968EAF38C5}.Debug|Any CPU.ActiveCfg = Debug|Any CPU
		{CA6A146A-1765-463A-BE15-C4968EAF38C5}.Debug|Any CPU.Build.0 = Debug|Any CPU
		{CA6A146A-1765-463A-BE15-C4968EAF38C5}.Release|Any CPU.ActiveCfg = Release|Any CPU
		{CA6A146A-1765-463A-BE15-C4968EAF38C5}.Release|Any CPU.Build.0 = Release|Any CPU
		{FD29C8D0-9B3C-4D46-B4A5-F72B0D17E313}.Debug|Any CPU.ActiveCfg = Debug|Any CPU
		{FD29C8D0-9B3C-4D46-B4A5-F72B0D17E313}.Debug|Any CPU.Build.0 = Debug|Any CPU
		{FD29C8D0-9B3C-4D46-B4A5-F72B0D17E313}.Release|Any CPU.ActiveCfg = Release|Any CPU
		{FD29C8D0-9B3C-4D46-B4A5-F72B0D17E313}.Release|Any CPU.Build.0 = Release|Any CPU
	EndGlobalSection
	GlobalSection(SolutionProperties) = preSolution
		HideSolutionNode = FALSE
	EndGlobalSection
	GlobalSection(ExtensibilityGlobals) = postSolution
		SolutionGuid = {CDAFCEBE-002B-49A0-AF68-B2B4949F4ADA}
	EndGlobalSection
EndGlobal
